
Microsoft Visual Studio Solution File, Format Version 12.00
# Visual Studio Version 16
VisualStudioVersion = 16.0.31112.23
MinimumVisualStudioVersion = 10.0.40219.1
Project("{FAE04EC0-301F-11D3-BF4B-00C04F79EFBC}") = "Episode26", "Episode26\Episode26.csproj", "{1BC95676-95F6-4281-B4B9-70E873584EEB}"
EndProject
Global
	GlobalSection(SolutionConfigurationPlatforms) = preSolution
		Debug|Any CPU = Debug|Any CPU
		Release|Any CPU = Release|Any CPU
	EndGlobalSection
	GlobalSection(ProjectConfigurationPlatforms) = postSolution
		{1BC95676-95F6-4281-B4B9-70E873584EEB}.Debug|Any CPU.ActiveCfg = Debug|Any CPU
		{1BC95676-95F6-4281-B4B9-70E873584EEB}.Debug|Any CPU.Build.0 = Debug|Any CPU
		{1BC95676-95F6-4281-B4B9-70E873584EEB}.Release|Any CPU.ActiveCfg = Release|Any CPU
		{1BC95676-95F6-4281-B4B9-70E873584EEB}.Release|Any CPU.Build.0 = Release|Any CPU
	EndGlobalSection
	GlobalSection(SolutionProperties) = preSolution
		HideSolutionNode = FALSE
	EndGlobalSection
	GlobalSection(ExtensibilityGlobals) = postSolution
		SolutionGuid = {A28F9840-0D8B-48B3-8727-FA49E5D800B8}
	EndGlobalSection
EndGlobal
