
Microsoft Visual Studio Solution File, Format Version 12.00
# Visual Studio Version 16
VisualStudioVersion = 16.0.31205.134
MinimumVisualStudioVersion = 10.0.40219.1
Project("{FAE04EC0-301F-11D3-BF4B-00C04F79EFBC}") = "Episode34", "Episode34\Episode34.csproj", "{0B7A64BF-8D74-4604-BAD6-22947C681E85}"
EndProject
Global
	GlobalSection(SolutionConfigurationPlatforms) = preSolution
		Debug|Any CPU = Debug|Any CPU
		Release|Any CPU = Release|Any CPU
	EndGlobalSection
	GlobalSection(ProjectConfigurationPlatforms) = postSolution
		{0B7A64BF-8D74-4604-BAD6-22947C681E85}.Debug|Any CPU.ActiveCfg = Debug|Any CPU
		{0B7A64BF-8D74-4604-BAD6-22947C681E85}.Debug|Any CPU.Build.0 = Debug|Any CPU
		{0B7A64BF-8D74-4604-BAD6-22947C681E85}.Release|Any CPU.ActiveCfg = Release|Any CPU
		{0B7A64BF-8D74-4604-BAD6-22947C681E85}.Release|Any CPU.Build.0 = Release|Any CPU
	EndGlobalSection
	GlobalSection(SolutionProperties) = preSolution
		HideSolutionNode = FALSE
	EndGlobalSection
	GlobalSection(ExtensibilityGlobals) = postSolution
		SolutionGuid = {904DD040-6C91-485B-8963-85D285964676}
	EndGlobalSection
EndGlobal
