
Microsoft Visual Studio Solution File, Format Version 12.00
# Visual Studio Version 16
VisualStudioVersion = 16.0.31005.135
MinimumVisualStudioVersion = 10.0.40219.1
Project("{9A19103F-16F7-4668-BE54-9A1E7A4F7556}") = "Episode16", "Episode16.csproj", "{C373ACFB-D903-477C-BF7C-61EBCAEA8753}"
EndProject
Global
	GlobalSection(SolutionConfigurationPlatforms) = preSolution
		Debug|Any CPU = Debug|Any CPU
		Release|Any CPU = Release|Any CPU
	EndGlobalSection
	GlobalSection(ProjectConfigurationPlatforms) = postSolution
		{C373ACFB-D903-477C-BF7C-61EBCAEA8753}.Debug|Any CPU.ActiveCfg = Debug|Any CPU
		{C373ACFB-D903-477C-BF7C-61EBCAEA8753}.Debug|Any CPU.Build.0 = Debug|Any CPU
		{C373ACFB-D903-477C-BF7C-61EBCAEA8753}.Release|Any CPU.ActiveCfg = Release|Any CPU
		{C373ACFB-D903-477C-BF7C-61EBCAEA8753}.Release|Any CPU.Build.0 = Release|Any CPU
	EndGlobalSection
	GlobalSection(SolutionProperties) = preSolution
		HideSolutionNode = FALSE
	EndGlobalSection
	GlobalSection(ExtensibilityGlobals) = postSolution
		SolutionGuid = {DE8AC672-F284-4C64-A91E-33D1335F6A1C}
	EndGlobalSection
EndGlobal
